
Microsoft Visual Studio Solution File, Format Version 11.00
# Visual Studio 2010
Project("{FAE04EC0-301F-11D3-BF4B-00C04F79EFBC}") = "core", "src\core.csproj", "{066B549B-9803-4FA5-9A90-718AB9F07946}"
EndProject
Project("{2150E333-8FDC-42A3-9474-1A3956D46DE8}") = "doc", "doc", "{2000CF3E-9649-4AAF-9B55-BD856E686D48}"
	ProjectSection(SolutionItems) = preProject
		VERSION = VERSION
	EndProjectSection
EndProject
Global
	GlobalSection(SolutionConfigurationPlatforms) = preSolution
		Debug|Any CPU = Debug|Any CPU
		Debug|Mixed Platforms = Debug|Mixed Platforms
		Debug|x64 = Debug|x64
		Debug|x86 = Debug|x86
		POSIX_DEBUG|Any CPU = POSIX_DEBUG|Any CPU
		POSIX_DEBUG|Mixed Platforms = POSIX_DEBUG|Mixed Platforms
		POSIX_DEBUG|x64 = POSIX_DEBUG|x64
		POSIX_DEBUG|x86 = POSIX_DEBUG|x86
		POSIX_RELEASE|Any CPU = POSIX_RELEASE|Any CPU
		POSIX_RELEASE|Mixed Platforms = POSIX_RELEASE|Mixed Platforms
		POSIX_RELEASE|x64 = POSIX_RELEASE|x64
		POSIX_RELEASE|x86 = POSIX_RELEASE|x86
		Release|Any CPU = Release|Any CPU
		Release|Mixed Platforms = Release|Mixed Platforms
		Release|x64 = Release|x64
		Release|x86 = Release|x86
		WIN_DEBUG|Any CPU = WIN_DEBUG|Any CPU
		WIN_DEBUG|Mixed Platforms = WIN_DEBUG|Mixed Platforms
		WIN_DEBUG|x64 = WIN_DEBUG|x64
		WIN_DEBUG|x86 = WIN_DEBUG|x86
		WIN_RELEASE|Any CPU = WIN_RELEASE|Any CPU
		WIN_RELEASE|Mixed Platforms = WIN_RELEASE|Mixed Platforms
		WIN_RELEASE|x64 = WIN_RELEASE|x64
		WIN_RELEASE|x86 = WIN_RELEASE|x86
	EndGlobalSection
	GlobalSection(ProjectConfigurationPlatforms) = postSolution
		{066B549B-9803-4FA5-9A90-718AB9F07946}.Debug|Any CPU.ActiveCfg = Debug|Any CPU
		{066B549B-9803-4FA5-9A90-718AB9F07946}.Debug|Any CPU.Build.0 = Debug|Any CPU
		{066B549B-9803-4FA5-9A90-718AB9F07946}.Debug|Mixed Platforms.ActiveCfg = Debug|Any CPU
		{066B549B-9803-4FA5-9A90-718AB9F07946}.Debug|Mixed Platforms.Build.0 = Debug|Any CPU
		{066B549B-9803-4FA5-9A90-718AB9F07946}.Debug|x64.ActiveCfg = Debug|Any CPU
		{066B549B-9803-4FA5-9A90-718AB9F07946}.Debug|x86.ActiveCfg = Debug|Any CPU
		{066B549B-9803-4FA5-9A90-718AB9F07946}.POSIX_DEBUG|Any CPU.ActiveCfg = Release|Any CPU
		{066B549B-9803-4FA5-9A90-718AB9F07946}.POSIX_DEBUG|Any CPU.Build.0 = Release|Any CPU
		{066B549B-9803-4FA5-9A90-718AB9F07946}.POSIX_DEBUG|Mixed Platforms.ActiveCfg = Release|Any CPU
		{066B549B-9803-4FA5-9A90-718AB9F07946}.POSIX_DEBUG|Mixed Platforms.Build.0 = Release|Any CPU
		{066B549B-9803-4FA5-9A90-718AB9F07946}.POSIX_DEBUG|x64.ActiveCfg = Release|Any CPU
		{066B549B-9803-4FA5-9A90-718AB9F07946}.POSIX_DEBUG|x86.ActiveCfg = Release|Any CPU
		{066B549B-9803-4FA5-9A90-718AB9F07946}.POSIX_RELEASE|Any CPU.ActiveCfg = Release|Any CPU
		{066B549B-9803-4FA5-9A90-718AB9F07946}.POSIX_RELEASE|Any CPU.Build.0 = Release|Any CPU
		{066B549B-9803-4FA5-9A90-718AB9F07946}.POSIX_RELEASE|Mixed Platforms.ActiveCfg = Release|Any CPU
		{066B549B-9803-4FA5-9A90-718AB9F07946}.POSIX_RELEASE|Mixed Platforms.Build.0 = Release|Any CPU
		{066B549B-9803-4FA5-9A90-718AB9F07946}.POSIX_RELEASE|x64.ActiveCfg = Release|Any CPU
		{066B549B-9803-4FA5-9A90-718AB9F07946}.POSIX_RELEASE|x86.ActiveCfg = Release|Any CPU
		{066B549B-9803-4FA5-9A90-718AB9F07946}.Release|Any CPU.ActiveCfg = Release|Any CPU
		{066B549B-9803-4FA5-9A90-718AB9F07946}.Release|Any CPU.Build.0 = Release|Any CPU
		{066B549B-9803-4FA5-9A90-718AB9F07946}.Release|Mixed Platforms.ActiveCfg = Release|Any CPU
		{066B549B-9803-4FA5-9A90-718AB9F07946}.Release|Mixed Platforms.Build.0 = Release|Any CPU
		{066B549B-9803-4FA5-9A90-718AB9F07946}.Release|x64.ActiveCfg = Release|Any CPU
		{066B549B-9803-4FA5-9A90-718AB9F07946}.Release|x86.ActiveCfg = Release|Any CPU
		{066B549B-9803-4FA5-9A90-718AB9F07946}.WIN_DEBUG|Any CPU.ActiveCfg = Release|Any CPU
		{066B549B-9803-4FA5-9A90-718AB9F07946}.WIN_DEBUG|Any CPU.Build.0 = Release|Any CPU
		{066B549B-9803-4FA5-9A90-718AB9F07946}.WIN_DEBUG|Mixed Platforms.ActiveCfg = Release|Any CPU
		{066B549B-9803-4FA5-9A90-718AB9F07946}.WIN_DEBUG|Mixed Platforms.Build.0 = Release|Any CPU
		{066B549B-9803-4FA5-9A90-718AB9F07946}.WIN_DEBUG|x64.ActiveCfg = Release|Any CPU
		{066B549B-9803-4FA5-9A90-718AB9F07946}.WIN_DEBUG|x86.ActiveCfg = Release|Any CPU
		{066B549B-9803-4FA5-9A90-718AB9F07946}.WIN_RELEASE|Any CPU.ActiveCfg = Release|Any CPU
		{066B549B-9803-4FA5-9A90-718AB9F07946}.WIN_RELEASE|Any CPU.Build.0 = Release|Any CPU
		{066B549B-9803-4FA5-9A90-718AB9F07946}.WIN_RELEASE|Mixed Platforms.ActiveCfg = Release|Any CPU
		{066B549B-9803-4FA5-9A90-718AB9F07946}.WIN_RELEASE|Mixed Platforms.Build.0 = Release|Any CPU
		{066B549B-9803-4FA5-9A90-718AB9F07946}.WIN_RELEASE|x64.ActiveCfg = Release|Any CPU
		{066B549B-9803-4FA5-9A90-718AB9F07946}.WIN_RELEASE|x86.ActiveCfg = Release|Any CPU
	EndGlobalSection
	GlobalSection(SolutionProperties) = preSolution
		HideSolutionNode = FALSE
	EndGlobalSection
	GlobalSection(SubversionScc) = preSolution
		Svn-Managed = True
		Manager = AnkhSVN - Subversion Support for Visual Studio
	EndGlobalSection
EndGlobal
